
Microsoft Visual Studio Solution File, Format Version 12.00
# Visual Studio 2013
VisualStudioVersion = 12.0.21005.1
MinimumVisualStudioVersion = 10.0.40219.1
Project("{FAE04EC0-301F-11D3-BF4B-00C04F79EFBC}") = "ООП_1", "ООП_1\ООП_1.csproj", "{D2C43043-3A03-484E-9386-EAFF58057D04}"
EndProject
Project("{FAE04EC0-301F-11D3-BF4B-00C04F79EFBC}") = "Shape", "Shape\Shape.csproj", "{F345E940-D06C-47D7-871C-7A294BFB1047}"
EndProject
Project("{FAE04EC0-301F-11D3-BF4B-00C04F79EFBC}") = "Line", "Line\Line.csproj", "{1E0EE09B-D05D-4823-A964-FC9B5389C057}"
EndProject
Project("{FAE04EC0-301F-11D3-BF4B-00C04F79EFBC}") = "Ellipse", "ClassLibrary1\Ellipse.csproj", "{58BF5AC3-2CE5-4A53-B460-DBC57FDF7B84}"
EndProject
Project("{FAE04EC0-301F-11D3-BF4B-00C04F79EFBC}") = "Rectangle", "Rectangle\Rectangle.csproj", "{019CF6CA-873A-4B26-BA6B-E2E2128652B2}"
EndProject
Project("{FAE04EC0-301F-11D3-BF4B-00C04F79EFBC}") = "Triangle", "ClassLibrary2\Triangle.csproj", "{490F469C-56C4-45B6-8C4E-F0B34FA7375A}"
EndProject
Global
	GlobalSection(SolutionConfigurationPlatforms) = preSolution
		Debug|Any CPU = Debug|Any CPU
		Release|Any CPU = Release|Any CPU
	EndGlobalSection
	GlobalSection(ProjectConfigurationPlatforms) = postSolution
		{D2C43043-3A03-484E-9386-EAFF58057D04}.Debug|Any CPU.ActiveCfg = Debug|Any CPU
		{D2C43043-3A03-484E-9386-EAFF58057D04}.Debug|Any CPU.Build.0 = Debug|Any CPU
		{D2C43043-3A03-484E-9386-EAFF58057D04}.Release|Any CPU.ActiveCfg = Release|Any CPU
		{D2C43043-3A03-484E-9386-EAFF58057D04}.Release|Any CPU.Build.0 = Release|Any CPU
		{F345E940-D06C-47D7-871C-7A294BFB1047}.Debug|Any CPU.ActiveCfg = Debug|Any CPU
		{F345E940-D06C-47D7-871C-7A294BFB1047}.Debug|Any CPU.Build.0 = Debug|Any CPU
		{F345E940-D06C-47D7-871C-7A294BFB1047}.Release|Any CPU.ActiveCfg = Release|Any CPU
		{F345E940-D06C-47D7-871C-7A294BFB1047}.Release|Any CPU.Build.0 = Release|Any CPU
		{1E0EE09B-D05D-4823-A964-FC9B5389C057}.Debug|Any CPU.ActiveCfg = Debug|Any CPU
		{1E0EE09B-D05D-4823-A964-FC9B5389C057}.Debug|Any CPU.Build.0 = Debug|Any CPU
		{1E0EE09B-D05D-4823-A964-FC9B5389C057}.Release|Any CPU.ActiveCfg = Release|Any CPU
		{1E0EE09B-D05D-4823-A964-FC9B5389C057}.Release|Any CPU.Build.0 = Release|Any CPU
		{58BF5AC3-2CE5-4A53-B460-DBC57FDF7B84}.Debug|Any CPU.ActiveCfg = Debug|Any CPU
		{58BF5AC3-2CE5-4A53-B460-DBC57FDF7B84}.Debug|Any CPU.Build.0 = Debug|Any CPU
		{58BF5AC3-2CE5-4A53-B460-DBC57FDF7B84}.Release|Any CPU.ActiveCfg = Release|Any CPU
		{58BF5AC3-2CE5-4A53-B460-DBC57FDF7B84}.Release|Any CPU.Build.0 = Release|Any CPU
		{019CF6CA-873A-4B26-BA6B-E2E2128652B2}.Debug|Any CPU.ActiveCfg = Debug|Any CPU
		{019CF6CA-873A-4B26-BA6B-E2E2128652B2}.Debug|Any CPU.Build.0 = Debug|Any CPU
		{019CF6CA-873A-4B26-BA6B-E2E2128652B2}.Release|Any CPU.ActiveCfg = Release|Any CPU
		{019CF6CA-873A-4B26-BA6B-E2E2128652B2}.Release|Any CPU.Build.0 = Release|Any CPU
		{490F469C-56C4-45B6-8C4E-F0B34FA7375A}.Debug|Any CPU.ActiveCfg = Debug|Any CPU
		{490F469C-56C4-45B6-8C4E-F0B34FA7375A}.Debug|Any CPU.Build.0 = Debug|Any CPU
		{490F469C-56C4-45B6-8C4E-F0B34FA7375A}.Release|Any CPU.ActiveCfg = Release|Any CPU
		{490F469C-56C4-45B6-8C4E-F0B34FA7375A}.Release|Any CPU.Build.0 = Release|Any CPU
	EndGlobalSection
	GlobalSection(SolutionProperties) = preSolution
		HideSolutionNode = FALSE
	EndGlobalSection
EndGlobal
